
Microsoft Visual Studio Solution File, Format Version 12.00
# Visual Studio Version 16
VisualStudioVersion = 16.0.29709.97
MinimumVisualStudioVersion = 10.0.40219.1
Project("{FAE04EC0-301F-11D3-BF4B-00C04F79EFBC}") = "Class Project - Deliverable 3 - Arrays", "Class Project - Deliverable 3 - Arrays.csproj", "{3BE1B458-825D-4BFC-AD70-ED8FECE26E7B}"
EndProject
Global
	GlobalSection(SolutionConfigurationPlatforms) = preSolution
		Debug|Any CPU = Debug|Any CPU
		Release|Any CPU = Release|Any CPU
	EndGlobalSection
	GlobalSection(ProjectConfigurationPlatforms) = postSolution
		{3BE1B458-825D-4BFC-AD70-ED8FECE26E7B}.Debug|Any CPU.ActiveCfg = Debug|Any CPU
		{3BE1B458-825D-4BFC-AD70-ED8FECE26E7B}.Debug|Any CPU.Build.0 = Debug|Any CPU
		{3BE1B458-825D-4BFC-AD70-ED8FECE26E7B}.Release|Any CPU.ActiveCfg = Release|Any CPU
		{3BE1B458-825D-4BFC-AD70-ED8FECE26E7B}.Release|Any CPU.Build.0 = Release|Any CPU
	EndGlobalSection
	GlobalSection(SolutionProperties) = preSolution
		HideSolutionNode = FALSE
	EndGlobalSection
	GlobalSection(ExtensibilityGlobals) = postSolution
		SolutionGuid = {67E7BBC5-F219-4D41-BF4B-228BC07D743B}
	EndGlobalSection
EndGlobal
